
Microsoft Visual Studio Solution File, Format Version 12.00
# Visual Studio 15
VisualStudioVersion = 15.0.28010.0
MinimumVisualStudioVersion = 10.0.40219.1
Project("{FAE04EC0-301F-11D3-BF4B-00C04F79EFBC}") = "Test", "Test\Test.csproj", "{97C03EE0-1BEC-4AB6-A306-A155AA633E7B}"
EndProject
Global
	GlobalSection(SolutionConfigurationPlatforms) = preSolution
		Debug|Any CPU = Debug|Any CPU
		Release|Any CPU = Release|Any CPU
	EndGlobalSection
	GlobalSection(ProjectConfigurationPlatforms) = postSolution
		{97C03EE0-1BEC-4AB6-A306-A155AA633E7B}.Debug|Any CPU.ActiveCfg = Debug|Any CPU
		{97C03EE0-1BEC-4AB6-A306-A155AA633E7B}.Debug|Any CPU.Build.0 = Debug|Any CPU
		{97C03EE0-1BEC-4AB6-A306-A155AA633E7B}.Release|Any CPU.ActiveCfg = Release|Any CPU
		{97C03EE0-1BEC-4AB6-A306-A155AA633E7B}.Release|Any CPU.Build.0 = Release|Any CPU
	EndGlobalSection
	GlobalSection(SolutionProperties) = preSolution
		HideSolutionNode = FALSE
	EndGlobalSection
	GlobalSection(ExtensibilityGlobals) = postSolution
		SolutionGuid = {FC237622-6401-42E9-AFD0-4BB49936EAF5}
	EndGlobalSection
EndGlobal
